
Microsoft Visual Studio Solution File, Format Version 12.00
# Visual Studio Version 17
VisualStudioVersion = 17.3.32825.248
MinimumVisualStudioVersion = 10.0.40219.1
Project("{FAE04EC0-301F-11D3-BF4B-00C04F79EFBC}") = "eTickets", "eTickets\eTickets.csproj", "{D430FE89-0A37-4413-9DAB-D7EF33D95ECE}"
EndProject
Global
	GlobalSection(SolutionConfigurationPlatforms) = preSolution
		Debug|Any CPU = Debug|Any CPU
		Release|Any CPU = Release|Any CPU
	EndGlobalSection
	GlobalSection(ProjectConfigurationPlatforms) = postSolution
		{D430FE89-0A37-4413-9DAB-D7EF33D95ECE}.Debug|Any CPU.ActiveCfg = Debug|Any CPU
		{D430FE89-0A37-4413-9DAB-D7EF33D95ECE}.Debug|Any CPU.Build.0 = Debug|Any CPU
		{D430FE89-0A37-4413-9DAB-D7EF33D95ECE}.Release|Any CPU.ActiveCfg = Release|Any CPU
		{D430FE89-0A37-4413-9DAB-D7EF33D95ECE}.Release|Any CPU.Build.0 = Release|Any CPU
	EndGlobalSection
	GlobalSection(SolutionProperties) = preSolution
		HideSolutionNode = FALSE
	EndGlobalSection
	GlobalSection(ExtensibilityGlobals) = postSolution
		SolutionGuid = {57C2DADB-AE11-4757-A4BD-465EFFF311D0}
	EndGlobalSection
EndGlobal
